{
  "nodes": {
    "devenv": {
      "locked": {
        "dir": "src/modules",
        "lastModified": 1786358125,
        "narHash": "sha256-rbuRaHNIvv4J59JEualb8xrqFhPBze3QflesC96kY9k=",
        "owner": "cachix",
        "repo": "devenv",
        "rev": "49386681992dd2d8cf41a226b5bd0c558984f7a1",
        "type": "github"
      },
      "original": {
        "dir": "src/modules",
        "owner": "cachix",
        "repo": "devenv",
        "type": "github"
      }
    },
    "environments": {
      "flake": false,
      "locked": {
        "dir": "src",
        "lastModified": 1786128613,
        "narHash": "sha256-gSir80HYeqxTgWLyx8cQW8SVCwVTiU6BjnDBsNJDfb8=",
        "ref": "refs/heads/trunk",
        "rev": "72abeab2d6ab6e5ca3a2342200eb08653ece0296",
        "revCount": 1707,
        "type": "git",
        "url": "ssh://git@codeberg.org/tymbalodeon/environments.git"
      },
      "original": {
        "dir": "src",
        "type": "git",
        "url": "ssh://git@codeberg.org/tymbalodeon/environments.git"
      }
    },
    "nixpkgs": {
      "locked": {
        "lastModified": 1786098110,
        "narHash": "sha256-shi1tjDhCGGd0kIgVPNY03V8NBWSTzhMSFDb7IqSoec=",
        "owner": "NixOS",
        "repo": "nixpkgs",
        "rev": "afb4584a80bbf779ce0f691509ff902d188c2b3d",
        "type": "github"
      },
      "original": {
        "owner": "NixOS",
        "ref": "nixpkgs-unstable",
        "repo": "nixpkgs",
        "type": "github"
      }
    },
    "project": {
      "flake": false,
      "locked": {
        "path": ".",
        "type": "path"
      },
      "original": {
        "path": ".",
        "type": "path"
      },
      "parent": []
    },
    "root": {
      "inputs": {
        "devenv": "devenv",
        "environments": "environments",
        "nixpkgs": "nixpkgs",
        "project": "project"
      }
    }
  },
  "root": "root",
  "version": 7
}