{
  "nodes": {
    "devenv": {
      "locked": {
        "dir": "src/modules",
        "lastModified": 1788213407,
        "narHash": "sha256-zxEb+L6moGAWY+HXqAOTKIBb7tNYYWc+Km1+6byphb0=",
        "owner": "cachix",
        "repo": "devenv",
        "rev": "97135e80b6e432f41f84f72383e1b8147f33ef0c",
        "type": "github"
      },
      "original": {
        "dir": "src/modules",
        "owner": "cachix",
        "repo": "devenv",
        "type": "github"
      }
    },
    "environments": {
      "flake": false,
      "locked": {
        "dir": "src",
        "lastModified": 1787185273,
        "narHash": "sha256-j8l8911IUQO5Cdy2vF+EwuIWQZYHHbAgaffeQ1uLLeg=",
        "ref": "refs/heads/trunk",
        "rev": "6069c24c68f51fc2c9c7751b4a45420b2fc4b518",
        "revCount": 1710,
        "type": "git",
        "url": "ssh://git@codeberg.org/tymbalodeon/environments.git"
      },
      "original": {
        "dir": "src",
        "type": "git",
        "url": "ssh://git@codeberg.org/tymbalodeon/environments.git"
      }
    },
    "nixpkgs": {
      "locked": {
        "lastModified": 1787964612,
        "narHash": "sha256-0N9nghg3nwzX6b6qc77EzjR9cu/Z+UR66FlfsCqiURs=",
        "owner": "NixOS",
        "repo": "nixpkgs",
        "rev": "e8be7818e19ada32105a8af937a6a473b38167ca",
        "type": "github"
      },
      "original": {
        "owner": "NixOS",
        "ref": "nixpkgs-unstable",
        "repo": "nixpkgs",
        "type": "github"
      }
    },
    "project": {
      "flake": false,
      "locked": {
        "path": ".",
        "type": "path"
      },
      "original": {
        "path": ".",
        "type": "path"
      },
      "parent": []
    },
    "root": {
      "inputs": {
        "devenv": "devenv",
        "environments": "environments",
        "nixpkgs": "nixpkgs",
        "project": "project"
      }
    }
  },
  "root": "root",
  "version": 7
}