{
  "nodes": {
    "devenv": {
      "locked": {
        "dir": "src/modules",
        "lastModified": 1784325378,
        "narHash": "sha256-Gof6j4d43yX2qSLLp78JILke346IggDFIxTgl3ecVQE=",
        "owner": "cachix",
        "repo": "devenv",
        "rev": "5f1cf17be0fc48689bd0ecb810de6d2e06d259a1",
        "type": "github"
      },
      "original": {
        "dir": "src/modules",
        "owner": "cachix",
        "repo": "devenv",
        "type": "github"
      }
    },
    "environments": {
      "flake": false,
      "locked": {
        "dir": "src",
        "lastModified": 1784391457,
        "narHash": "sha256-VbNqvztakKpjxi3FH07drnECZHmFuvpyZBKM7SpOD6U=",
        "ref": "refs/heads/trunk",
        "rev": "47fa355475453cc60f3b5ae8e41bde44a16a7d6d",
        "revCount": 1705,
        "type": "git",
        "url": "ssh://git@codeberg.org/tymbalodeon/environments.git"
      },
      "original": {
        "dir": "src",
        "type": "git",
        "url": "ssh://git@codeberg.org/tymbalodeon/environments.git"
      }
    },
    "nixpkgs": {
      "locked": {
        "lastModified": 1784364478,
        "narHash": "sha256-CdItYNdYUlm7NxqMVyQKqT2IxTwvapiPuRLWOyHTrbY=",
        "owner": "NixOS",
        "repo": "nixpkgs",
        "rev": "20535e48e12c86043b577b8518234ff5dbb26957",
        "type": "github"
      },
      "original": {
        "owner": "NixOS",
        "ref": "nixpkgs-unstable",
        "repo": "nixpkgs",
        "type": "github"
      }
    },
    "project": {
      "flake": false,
      "locked": {
        "path": ".",
        "type": "path"
      },
      "original": {
        "path": ".",
        "type": "path"
      },
      "parent": []
    },
    "root": {
      "inputs": {
        "devenv": "devenv",
        "environments": "environments",
        "nixpkgs": "nixpkgs",
        "project": "project"
      }
    }
  },
  "root": "root",
  "version": 7
}