{
  "nodes": {
    "environments": {
      "inputs": {
        "nixpkgs": [
          "nixpkgs"
        ]
      },
      "locked": {
        "dir": "src",
        "lastModified": 1747938809,
        "narHash": "sha256-B9Fvg0zXZ5ZSXek1HVAV5BQ1zIU1E/5aAx3WYXMXX/0=",
        "owner": "tymbalodeon",
        "repo": "environments",
        "rev": "c98bb06c5b162192123e58089e8d1c901d589cc3",
        "type": "github"
      },
      "original": {
        "dir": "src",
        "owner": "tymbalodeon",
        "repo": "environments",
        "type": "github"
      }
    },
    "nixpkgs": {
      "locked": {
        "lastModified": 1747744144,
        "narHash": "sha256-W7lqHp0qZiENCDwUZ5EX/lNhxjMdNapFnbErcbnP11Q=",
        "owner": "nixos",
        "repo": "nixpkgs",
        "rev": "2795c506fe8fb7b03c36ccb51f75b6df0ab2553f",
        "type": "github"
      },
      "original": {
        "owner": "nixos",
        "ref": "nixos-unstable",
        "repo": "nixpkgs",
        "type": "github"
      }
    },
    "nutest": {
      "flake": false,
      "locked": {
        "lastModified": 1745000154,
        "narHash": "sha256-z8/6NqBbk/VoVjvRl80mZn48edoggCUJfQK6zq+L1JU=",
        "owner": "vyadh",
        "repo": "nutest",
        "rev": "f5b251469aa51c3a95fd1caeac8acbcbccb91a27",
        "type": "github"
      },
      "original": {
        "owner": "vyadh",
        "repo": "nutest",
        "type": "github"
      }
    },
    "root": {
      "inputs": {
        "environments": "environments",
        "nixpkgs": "nixpkgs",
        "nutest": "nutest"
      }
    }
  },
  "root": "root",
  "version": 7
}
