{
  "nodes": {
    "home-manager": {
      "inputs": {
        "nixpkgs": [
          "nixpkgs"
        ]
      },
      "locked": {
        "lastModified": 1743097780,
        "narHash": "sha256-5tUbaMBKYbfTe/4aXACxmiXG22TgwPBNcfZ8Kg3rt+g=",
        "owner": "nix-community",
        "repo": "home-manager",
        "rev": "b14a70c40f4fd0b73d095ab04a7c6e31fbc18e52",
        "type": "github"
      },
      "original": {
        "owner": "nix-community",
        "repo": "home-manager",
        "type": "github"
      }
    },
    "nix-darwin": {
      "inputs": {
        "nixpkgs": [
          "nixpkgs"
        ]
      },
      "locked": {
        "lastModified": 1743125241,
        "narHash": "sha256-TA/xYqZbBwCCprXf8ABORDsjJy0Idw6OdQNqYQhgKCM=",
        "owner": "LnL7",
        "repo": "nix-darwin",
        "rev": "75f8e4dbc553d3052f917e66ee874f69d49c9981",
        "type": "github"
      },
      "original": {
        "owner": "LnL7",
        "ref": "master",
        "repo": "nix-darwin",
        "type": "github"
      }
    },
    "nixpkgs": {
      "locked": {
        "lastModified": 1742889210,
        "narHash": "sha256-hw63HnwnqU3ZQfsMclLhMvOezpM7RSB0dMAtD5/sOiw=",
        "owner": "nixos",
        "repo": "nixpkgs",
        "rev": "698214a32beb4f4c8e3942372c694f40848b360d",
        "type": "github"
      },
      "original": {
        "owner": "nixos",
        "ref": "nixos-unstable",
        "repo": "nixpkgs",
        "type": "github"
      }
    },
    "nushell-syntax": {
      "flake": false,
      "locked": {
        "lastModified": 1692935709,
        "narHash": "sha256-paayZP6P+tzGnla7k+HrF+dcTKUyU806MTtUeurhvdg=",
        "owner": "stevenxxiu",
        "repo": "sublime_text_nushell",
        "rev": "66b00ff639dc8cecb688a0e1d81d13613b772f66",
        "type": "github"
      },
      "original": {
        "owner": "stevenxxiu",
        "repo": "sublime_text_nushell",
        "type": "github"
      }
    },
    "root": {
      "inputs": {
        "home-manager": "home-manager",
        "nix-darwin": "nix-darwin",
        "nixpkgs": "nixpkgs",
        "nushell-syntax": "nushell-syntax"
      }
    }
  },
  "root": "root",
  "version": 7
}
