{
  "nodes": {
    "home-manager": {
      "inputs": {
        "nixpkgs": [
          "nixpkgs"
        ]
      },
      "locked": {
        "lastModified": 1743717835,
        "narHash": "sha256-LJm6FoIcUoBw3w25ty12/sBfut4zZuNGdN0phYj/ekU=",
        "owner": "nix-community",
        "repo": "home-manager",
        "rev": "66a6ec65f84255b3defb67ff45af86c844dd451b",
        "type": "github"
      },
      "original": {
        "owner": "nix-community",
        "repo": "home-manager",
        "type": "github"
      }
    },
    "nix-darwin": {
      "inputs": {
        "nixpkgs": [
          "nixpkgs"
        ]
      },
      "locked": {
        "lastModified": 1743496612,
        "narHash": "sha256-emPWa5lmKbnyuj8c1mSJUkzJNT+iJoU9GMcXwjp2oVM=",
        "owner": "LnL7",
        "repo": "nix-darwin",
        "rev": "73d59580d01e9b9f957ba749f336a272869c42dd",
        "type": "github"
      },
      "original": {
        "owner": "LnL7",
        "ref": "master",
        "repo": "nix-darwin",
        "type": "github"
      }
    },
    "nixpkgs": {
      "locked": {
        "lastModified": 1743583204,
        "narHash": "sha256-F7n4+KOIfWrwoQjXrL2wD9RhFYLs2/GGe/MQY1sSdlE=",
        "owner": "nixos",
        "repo": "nixpkgs",
        "rev": "2c8d3f48d33929642c1c12cd243df4cc7d2ce434",
        "type": "github"
      },
      "original": {
        "owner": "nixos",
        "ref": "nixos-unstable",
        "repo": "nixpkgs",
        "type": "github"
      }
    },
    "nushell-syntax": {
      "flake": false,
      "locked": {
        "lastModified": 1692935709,
        "narHash": "sha256-paayZP6P+tzGnla7k+HrF+dcTKUyU806MTtUeurhvdg=",
        "owner": "stevenxxiu",
        "repo": "sublime_text_nushell",
        "rev": "66b00ff639dc8cecb688a0e1d81d13613b772f66",
        "type": "github"
      },
      "original": {
        "owner": "stevenxxiu",
        "repo": "sublime_text_nushell",
        "type": "github"
      }
    },
    "root": {
      "inputs": {
        "home-manager": "home-manager",
        "nix-darwin": "nix-darwin",
        "nixpkgs": "nixpkgs",
        "nushell-syntax": "nushell-syntax"
      }
    }
  },
  "root": "root",
  "version": 7
}
